
Microsoft Visual Studio Solution File, Format Version 12.00
# Visual Studio 2013
VisualStudioVersion = 12.0.31101.0
MinimumVisualStudioVersion = 10.0.40219.1
Project("{FAE04EC0-301F-11D3-BF4B-00C04F79EFBC}") = "MultiClip", "MultiClip\MultiClip.csproj", "{B16E1350-5A17-4CCA-94D3-09E12A7A7CE0}"
EndProject
Project("{FAE04EC0-301F-11D3-BF4B-00C04F79EFBC}") = "CaptainHook", "..\CaptainHook\CaptainHook\CaptainHook.csproj", "{07EC6328-72A3-4AE8-BC6B-67F2449FC6B8}"
EndProject
Global
	GlobalSection(SolutionConfigurationPlatforms) = preSolution
		Debug|Any CPU = Debug|Any CPU
		Release|Any CPU = Release|Any CPU
	EndGlobalSection
	GlobalSection(ProjectConfigurationPlatforms) = postSolution
		{B16E1350-5A17-4CCA-94D3-09E12A7A7CE0}.Debug|Any CPU.ActiveCfg = Debug|Any CPU
		{B16E1350-5A17-4CCA-94D3-09E12A7A7CE0}.Debug|Any CPU.Build.0 = Debug|Any CPU
		{B16E1350-5A17-4CCA-94D3-09E12A7A7CE0}.Release|Any CPU.ActiveCfg = Release|Any CPU
		{B16E1350-5A17-4CCA-94D3-09E12A7A7CE0}.Release|Any CPU.Build.0 = Release|Any CPU
		{07EC6328-72A3-4AE8-BC6B-67F2449FC6B8}.Debug|Any CPU.ActiveCfg = Debug|Any CPU
		{07EC6328-72A3-4AE8-BC6B-67F2449FC6B8}.Debug|Any CPU.Build.0 = Debug|Any CPU
		{07EC6328-72A3-4AE8-BC6B-67F2449FC6B8}.Release|Any CPU.ActiveCfg = Release|Any CPU
		{07EC6328-72A3-4AE8-BC6B-67F2449FC6B8}.Release|Any CPU.Build.0 = Release|Any CPU
	EndGlobalSection
	GlobalSection(SolutionProperties) = preSolution
		HideSolutionNode = FALSE
	EndGlobalSection
EndGlobal
